// !$*UTF8*$!
{
	archiveVersion = 1;
	classes = {
	};
	objectVersion = 48;
	objects = {

/* Begin PBXBuildFile section */
		E953D96620D1713900C781C4 /* momo@2x.png in Resources */ = {isa = PBXBuildFile; fileRef = E953D96220D1713900C781C4 /* momo@2x.png */; };
		E953D96720D1713900C781C4 /* momo.png in Resources */ = {isa = PBXBuildFile; fileRef = E953D96320D1713900C781C4 /* momo.png */; };
		E9F88AFA20B52B0B009B4B3A /* AppDelegate.swift in Sources */ = {isa = PBXBuildFile; fileRef = E9F88AF920B52B0B009B4B3A /* AppDelegate.swift */; };
		E9F88AFC20B52B0B009B4B3A /* ViewController.swift in Sources */ = {isa = PBXBuildFile; fileRef = E9F88AFB20B52B0B009B4B3A /* ViewController.swift */; };
		E9F88AFF20B52B0B009B4B3A /* Main.storyboard in Resources */ = {isa = PBXBuildFile; fileRef = E9F88AFD20B52B0B009B4B3A /* Main.storyboard */; };
		E9F88B0120B52B0B009B4B3A /* Assets.xcassets in Resources */ = {isa = PBXBuildFile; fileRef = E9F88B0020B52B0B009B4B3A /* Assets.xcassets */; };
		E9F88B0420B52B0B009B4B3A /* LaunchScreen.storyboard in Resources */ = {isa = PBXBuildFile; fileRef = E9F88B0220B52B0B009B4B3A /* LaunchScreen.storyboard */; };
		E9F88B0D20B52BA4009B4B3A /* MoMoPayment.swift in Sources */ = {isa = PBXBuildFile; fileRef = E9F88B0B20B52BA4009B4B3A /* MoMoPayment.swift */; };
		E9F88B0E20B52BA4009B4B3A /* MoMoConfig.swift in Sources */ = {isa = PBXBuildFile; fileRef = E9F88B0C20B52BA4009B4B3A /* MoMoConfig.swift */; };
/* End PBXBuildFile section */

/* Begin PBXFileReference section */
		E953D96220D1713900C781C4 /* momo@2x.png */ = {isa = PBXFileReference; lastKnownFileType = image.png; name = "momo@2x.png"; path = "images/momo@2x.png"; sourceTree = "<group>"; };
		E953D96320D1713900C781C4 /* momo.png */ = {isa = PBXFileReference; lastKnownFileType = image.png; name = momo.png; path = images/momo.png; sourceTree = "<group>"; };
		E9F88AF620B52B0B009B4B3A /* momosdk swift.app */ = {isa = PBXFileReference; explicitFileType = wrapper.application; includeInIndex = 0; path = "momosdk swift.app"; sourceTree = BUILT_PRODUCTS_DIR; };
		E9F88AF920B52B0B009B4B3A /* AppDelegate.swift */ = {isa = PBXFileReference; lastKnownFileType = sourcecode.swift; path = AppDelegate.swift; sourceTree = "<group>"; };
		E9F88AFB20B52B0B009B4B3A /* ViewController.swift */ = {isa = PBXFileReference; lastKnownFileType = sourcecode.swift; path = ViewController.swift; sourceTree = "<group>"; };
		E9F88AFE20B52B0B009B4B3A /* Base */ = {isa = PBXFileReference; lastKnownFileType = file.storyboard; name = Base; path = Base.lproj/Main.storyboard; sourceTree = "<group>"; };
		E9F88B0020B52B0B009B4B3A /* Assets.xcassets */ = {isa = PBXFileReference; lastKnownFileType = folder.assetcatalog; path = Assets.xcassets; sourceTree = "<group>"; };
		E9F88B0320B52B0B009B4B3A /* Base */ = {isa = PBXFileReference; lastKnownFileType = file.storyboard; name = Base; path = Base.lproj/LaunchScreen.storyboard; sourceTree = "<group>"; };
		E9F88B0520B52B0B009B4B3A /* Info.plist */ = {isa = PBXFileReference; lastKnownFileType = text.plist.xml; path = Info.plist; sourceTree = "<group>"; };
		E9F88B0B20B52BA4009B4B3A /* MoMoPayment.swift */ = {isa = PBXFileReference; fileEncoding = 4; lastKnownFileType = sourcecode.swift; path = MoMoPayment.swift; sourceTree = "<group>"; };
		E9F88B0C20B52BA4009B4B3A /* MoMoConfig.swift */ = {isa = PBXFileReference; fileEncoding = 4; lastKnownFileType = sourcecode.swift; path = MoMoConfig.swift; sourceTree = "<group>"; };
/* End PBXFileReference section */

/* Begin PBXFrameworksBuildPhase section */
		E9F88AF320B52B0B009B4B3A /* Frameworks */ = {
			isa = PBXFrameworksBuildPhase;
			buildActionMask = 2147483647;
			files = (
			);
			runOnlyForDeploymentPostprocessing = 0;
		};
/* End PBXFrameworksBuildPhase section */

/* Begin PBXGroup section */
		E9F88AED20B52B0B009B4B3A = {
			isa = PBXGroup;
			children = (
				E9F88AF820B52B0B009B4B3A /* momosdk swift */,
				E9F88AF720B52B0B009B4B3A /* Products */,
			);
			sourceTree = "<group>";
		};
		E9F88AF720B52B0B009B4B3A /* Products */ = {
			isa = PBXGroup;
			children = (
				E9F88AF620B52B0B009B4B3A /* momosdk swift.app */,
			);
			name = Products;
			sourceTree = "<group>";
		};
		E9F88AF820B52B0B009B4B3A /* momosdk swift */ = {
			isa = PBXGroup;
			children = (
				E953D96320D1713900C781C4 /* momo.png */,
				E953D96220D1713900C781C4 /* momo@2x.png */,
				E9F88B0C20B52BA4009B4B3A /* MoMoConfig.swift */,
				E9F88B0B20B52BA4009B4B3A /* MoMoPayment.swift */,
				E9F88AF920B52B0B009B4B3A /* AppDelegate.swift */,
				E9F88AFB20B52B0B009B4B3A /* ViewController.swift */,
				E9F88AFD20B52B0B009B4B3A /* Main.storyboard */,
				E9F88B0020B52B0B009B4B3A /* Assets.xcassets */,
				E9F88B0220B52B0B009B4B3A /* LaunchScreen.storyboard */,
				E9F88B0520B52B0B009B4B3A /* Info.plist */,
			);
			path = "momosdk swift";
			sourceTree = "<group>";
		};
/* End PBXGroup section */

/* Begin PBXNativeTarget section */
		E9F88AF520B52B0B009B4B3A /* momosdk swift */ = {
			isa = PBXNativeTarget;
			buildConfigurationList = E9F88B0820B52B0B009B4B3A /* Build configuration list for PBXNativeTarget "momosdk swift" */;
			buildPhases = (
				E9F88AF220B52B0B009B4B3A /* Sources */,
				E9F88AF320B52B0B009B4B3A /* Frameworks */,
				E9F88AF420B52B0B009B4B3A /* Resources */,
			);
			buildRules = (
			);
			dependencies = (
			);
			name = "momosdk swift";
			productName = "momosdk swift";
			productReference = E9F88AF620B52B0B009B4B3A /* momosdk swift.app */;
			productType = "com.apple.product-type.application";
		};
/* End PBXNativeTarget section */

/* Begin PBXProject section */
		E9F88AEE20B52B0B009B4B3A /* Project object */ = {
			isa = PBXProject;
			attributes = {
				LastSwiftUpdateCheck = 0920;
				LastUpgradeCheck = 0920;
				ORGANIZATIONNAME = "MService JSC";
				TargetAttributes = {
					E9F88AF520B52B0B009B4B3A = {
						CreatedOnToolsVersion = 9.2;
						ProvisioningStyle = Automatic;
					};
				};
			};
			buildConfigurationList = E9F88AF120B52B0B009B4B3A /* Build configuration list for PBXProject "momosdk swift" */;
			compatibilityVersion = "Xcode 8.0";
			developmentRegion = en;
			hasScannedForEncodings = 0;
			knownRegions = (
				en,
				Base,
			);
			mainGroup = E9F88AED20B52B0B009B4B3A;
			productRefGroup = E9F88AF720B52B0B009B4B3A /* Products */;
			projectDirPath = "";
			projectRoot = "";
			targets = (
				E9F88AF520B52B0B009B4B3A /* momosdk swift */,
			);
		};
/* End PBXProject section */

/* Begin PBXResourcesBuildPhase section */
		E9F88AF420B52B0B009B4B3A /* Resources */ = {
			isa = PBXResourcesBuildPhase;
			buildActionMask = 2147483647;
			files = (
				E9F88B0420B52B0B009B4B3A /* LaunchScreen.storyboard in Resources */,
				E953D96620D1713900C781C4 /* momo@2x.png in Resources */,
				E9F88B0120B52B0B009B4B3A /* Assets.xcassets in Resources */,
				E9F88AFF20B52B0B009B4B3A /* Main.storyboard in Resources */,
				E953D96720D1713900C781C4 /* momo.png in Resources */,
			);
			runOnlyForDeploymentPostprocessing = 0;
		};
/* End PBXResourcesBuildPhase section */

/* Begin PBXSourcesBuildPhase section */
		E9F88AF220B52B0B009B4B3A /* Sources */ = {
			isa = PBXSourcesBuildPhase;
			buildActionMask = 2147483647;
			files = (
				E9F88B0D20B52BA4009B4B3A /* MoMoPayment.swift in Sources */,
				E9F88B0E20B52BA4009B4B3A /* MoMoConfig.swift in Sources */,
				E9F88AFC20B52B0B009B4B3A /* ViewController.swift in Sources */,
				E9F88AFA20B52B0B009B4B3A /* AppDelegate.swift in Sources */,
			);
			runOnlyForDeploymentPostprocessing = 0;
		};
/* End PBXSourcesBuildPhase section */

/* Begin PBXVariantGroup section */
		E9F88AFD20B52B0B009B4B3A /* Main.storyboard */ = {
			isa = PBXVariantGroup;
			children = (
				E9F88AFE20B52B0B009B4B3A /* Base */,
			);
			name = Main.storyboard;
			sourceTree = "<group>";
		};
		E9F88B0220B52B0B009B4B3A /* LaunchScreen.storyboard */ = {
			isa = PBXVariantGroup;
			children = (
				E9F88B0320B52B0B009B4B3A /* Base */,
			);
			name = LaunchScreen.storyboard;
			sourceTree = "<group>";
		};
/* End PBXVariantGroup section */

/* Begin XCBuildConfiguration section */
		E9F88B0620B52B0B009B4B3A /* Debug */ = {
			isa = XCBuildConfiguration;
			buildSettings = {
				ALWAYS_SEARCH_USER_PATHS = NO;
				CLANG_ANALYZER_NONNULL = YES;
				CLANG_ANALYZER_NUMBER_OBJECT_CONVERSION = YES_AGGRESSIVE;
				CLANG_CXX_LANGUAGE_STANDARD = "gnu++14";
				CLANG_CXX_LIBRARY = "libc++";
				CLANG_ENABLE_MODULES = YES;
				CLANG_ENABLE_OBJC_ARC = YES;
				CLANG_WARN_BLOCK_CAPTURE_AUTORELEASING = YES;
				CLANG_WARN_BOOL_CONVERSION = YES;
				CLANG_WARN_COMMA = YES;
				CLANG_WARN_CONSTANT_CONVERSION = YES;
				CLANG_WARN_DIRECT_OBJC_ISA_USAGE = YES_ERROR;
				CLANG_WARN_DOCUMENTATION_COMMENTS = YES;
				CLANG_WARN_EMPTY_BODY = YES;
				CLANG_WARN_ENUM_CONVERSION = YES;
				CLANG_WARN_INFINITE_RECURSION = YES;
				CLANG_WARN_INT_CONVERSION = YES;
				CLANG_WARN_NON_LITERAL_NULL_CONVERSION = YES;
				CLANG_WARN_OBJC_LITERAL_CONVERSION = YES;
				CLANG_WARN_OBJC_ROOT_CLASS = YES_ERROR;
				CLANG_WARN_RANGE_LOOP_ANALYSIS = YES;
				CLANG_WARN_STRICT_PROTOTYPES = YES;
				CLANG_WARN_SUSPICIOUS_MOVE = YES;
				CLANG_WARN_UNGUARDED_AVAILABILITY = YES_AGGRESSIVE;
				CLANG_WARN_UNREACHABLE_CODE = YES;
				CLANG_WARN__DUPLICATE_METHOD_MATCH = YES;
				CODE_SIGN_IDENTITY = "iPhone Developer";
				COPY_PHASE_STRIP = NO;
				DEBUG_INFORMATION_FORMAT = dwarf;
				ENABLE_STRICT_OBJC_MSGSEND = YES;
				ENABLE_TESTABILITY = YES;
				GCC_C_LANGUAGE_STANDARD = gnu11;
				GCC_DYNAMIC_NO_PIC = NO;
				GCC_NO_COMMON_BLOCKS = YES;
				GCC_OPTIMIZATION_LEVEL = 0;
				GCC_PREPROCESSOR_DEFINITIONS = (
					"DEBUG=1",
					"$(inherited)",
				);
				GCC_WARN_64_TO_32_BIT_CONVERSION = YES;
				GCC_WARN_ABOUT_RETURN_TYPE = YES_ERROR;
				GCC_WARN_UNDECLARED_SELECTOR = YES;
				GCC_WARN_UNINITIALIZED_AUTOS = YES_AGGRESSIVE;
				GCC_WARN_UNUSED_FUNCTION = YES;
				GCC_WARN_UNUSED_VARIABLE = YES;
				IPHONEOS_DEPLOYMENT_TARGET = 11.2;
				MTL_ENABLE_DEBUG_INFO = YES;
				ONLY_ACTIVE_ARCH = YES;
				SDKROOT = iphoneos;
				SWIFT_ACTIVE_COMPILATION_CONDITIONS = DEBUG;
				SWIFT_OPTIMIZATION_LEVEL = "-Onone";
			};
			name = Debug;
		};
		E9F88B0720B52B0B009B4B3A /* Release */ = {
			isa = XCBuildConfiguration;
			buildSettings = {
				ALWAYS_SEARCH_USER_PATHS = NO;
				CLANG_ANALYZER_NONNULL = YES;
				CLANG_ANALYZER_NUMBER_OBJECT_CONVERSION = YES_AGGRESSIVE;
				CLANG_CXX_LANGUAGE_STANDARD = "gnu++14";
				CLANG_CXX_LIBRARY = "libc++";
				CLANG_ENABLE_MODULES = YES;
				CLANG_ENABLE_OBJC_ARC = YES;
				CLANG_WARN_BLOCK_CAPTURE_AUTORELEASING = YES;
				CLANG_WARN_BOOL_CONVERSION = YES;
				CLANG_WARN_COMMA = YES;
				CLANG_WARN_CONSTANT_CONVERSION = YES;
				CLANG_WARN_DIRECT_OBJC_ISA_USAGE = YES_ERROR;
				CLANG_WARN_DOCUMENTATION_COMMENTS = YES;
				CLANG_WARN_EMPTY_BODY = YES;
				CLANG_WARN_ENUM_CONVERSION = YES;
				CLANG_WARN_INFINITE_RECURSION = YES;
				CLANG_WARN_INT_CONVERSION = YES;
				CLANG_WARN_NON_LITERAL_NULL_CONVERSION = YES;
				CLANG_WARN_OBJC_LITERAL_CONVERSION = YES;
				CLANG_WARN_OBJC_ROOT_CLASS = YES_ERROR;
				CLANG_WARN_RANGE_LOOP_ANALYSIS = YES;
				CLANG_WARN_STRICT_PROTOTYPES = YES;
				CLANG_WARN_SUSPICIOUS_MOVE = YES;
				CLANG_WARN_UNGUARDED_AVAILABILITY = YES_AGGRESSIVE;
				CLANG_WARN_UNREACHABLE_CODE = YES;
				CLANG_WARN__DUPLICATE_METHOD_MATCH = YES;
				CODE_SIGN_IDENTITY = "iPhone Developer";
				COPY_PHASE_STRIP = NO;
				DEBUG_INFORMATION_FORMAT = "dwarf-with-dsym";
				ENABLE_NS_ASSERTIONS = NO;
				ENABLE_STRICT_OBJC_MSGSEND = YES;
				GCC_C_LANGUAGE_STANDARD = gnu11;
				GCC_NO_COMMON_BLOCKS = YES;
				GCC_WARN_64_TO_32_BIT_CONVERSION = YES;
				GCC_WARN_ABOUT_RETURN_TYPE = YES_ERROR;
				GCC_WARN_UNDECLARED_SELECTOR = YES;
				GCC_WARN_UNINITIALIZED_AUTOS = YES_AGGRESSIVE;
				GCC_WARN_UNUSED_FUNCTION = YES;
				GCC_WARN_UNUSED_VARIABLE = YES;
				IPHONEOS_DEPLOYMENT_TARGET = 11.2;
				MTL_ENABLE_DEBUG_INFO = NO;
				SDKROOT = iphoneos;
				SWIFT_OPTIMIZATION_LEVEL = "-Owholemodule";
				VALIDATE_PRODUCT = YES;
			};
			name = Release;
		};
		E9F88B0920B52B0B009B4B3A /* Debug */ = {
			isa = XCBuildConfiguration;
			buildSettings = {
				ASSETCATALOG_COMPILER_APPICON_NAME = AppIcon;
				CODE_SIGN_STYLE = Automatic;
				DEVELOPMENT_TEAM = HTKVRHE3RY;
				INFOPLIST_FILE = "momosdk swift/Info.plist";
				LD_RUNPATH_SEARCH_PATHS = "$(inherited) @executable_path/Frameworks";
				PRODUCT_BUNDLE_IDENTIFIER = "com.momo.momosdk.swift.momosdk-swift";
				PRODUCT_NAME = "$(TARGET_NAME)";
				SWIFT_VERSION = 4.0;
				TARGETED_DEVICE_FAMILY = "1,2";
			};
			name = Debug;
		};
		E9F88B0A20B52B0B009B4B3A /* Release */ = {
			isa = XCBuildConfiguration;
			buildSettings = {
				ASSETCATALOG_COMPILER_APPICON_NAME = AppIcon;
				CODE_SIGN_STYLE = Automatic;
				DEVELOPMENT_TEAM = HTKVRHE3RY;
				INFOPLIST_FILE = "momosdk swift/Info.plist";
				LD_RUNPATH_SEARCH_PATHS = "$(inherited) @executable_path/Frameworks";
				PRODUCT_BUNDLE_IDENTIFIER = "com.momo.momosdk.swift.momosdk-swift";
				PRODUCT_NAME = "$(TARGET_NAME)";
				SWIFT_VERSION = 4.0;
				TARGETED_DEVICE_FAMILY = "1,2";
			};
			name = Release;
		};
/* End XCBuildConfiguration section */

/* Begin XCConfigurationList section */
		E9F88AF120B52B0B009B4B3A /* Build configuration list for PBXProject "momosdk swift" */ = {
			isa = XCConfigurationList;
			buildConfigurations = (
				E9F88B0620B52B0B009B4B3A /* Debug */,
				E9F88B0720B52B0B009B4B3A /* Release */,
			);
			defaultConfigurationIsVisible = 0;
			defaultConfigurationName = Release;
		};
		E9F88B0820B52B0B009B4B3A /* Build configuration list for PBXNativeTarget "momosdk swift" */ = {
			isa = XCConfigurationList;
			buildConfigurations = (
				E9F88B0920B52B0B009B4B3A /* Debug */,
				E9F88B0A20B52B0B009B4B3A /* Release */,
			);
			defaultConfigurationIsVisible = 0;
			defaultConfigurationName = Release;
		};
/* End XCConfigurationList section */
	};
	rootObject = E9F88AEE20B52B0B009B4B3A /* Project object */;
}
